
Microsoft Visual Studio Solution File, Format Version 12.00
# Visual Studio Version 16
VisualStudioVersion = 16.0.31402.337
MinimumVisualStudioVersion = 10.0.40219.1
Project("{FAE04EC0-301F-11D3-BF4B-00C04F79EFBC}") = "CS.WebApplication", "CS.WebApplication\CS.WebApplication.csproj", "{2AB84C12-5C52-48EA-8FD4-50B723FA3CBD}"
EndProject
Global
	GlobalSection(SolutionConfigurationPlatforms) = preSolution
		Debug|Any CPU = Debug|Any CPU
		Release|Any CPU = Release|Any CPU
	EndGlobalSection
	GlobalSection(ProjectConfigurationPlatforms) = postSolution
		{2AB84C12-5C52-48EA-8FD4-50B723FA3CBD}.Debug|Any CPU.ActiveCfg = Debug|Any CPU
		{2AB84C12-5C52-48EA-8FD4-50B723FA3CBD}.Debug|Any CPU.Build.0 = Debug|Any CPU
		{2AB84C12-5C52-48EA-8FD4-50B723FA3CBD}.Release|Any CPU.ActiveCfg = Release|Any CPU
		{2AB84C12-5C52-48EA-8FD4-50B723FA3CBD}.Release|Any CPU.Build.0 = Release|Any CPU
	EndGlobalSection
	GlobalSection(SolutionProperties) = preSolution
		HideSolutionNode = FALSE
	EndGlobalSection
	GlobalSection(ExtensibilityGlobals) = postSolution
		SolutionGuid = {5E99C106-4715-4C3C-B94E-C99180CE2B5F}
	EndGlobalSection
EndGlobal
